
Microsoft Visual Studio Solution File, Format Version 12.00
# Visual Studio Version 17
VisualStudioVersion = 17.4.33110.190
MinimumVisualStudioVersion = 10.0.40219.1
Project("{FAE04EC0-301F-11D3-BF4B-00C04F79EFBC}") = "WebApplication1", "WebApplication1.csproj", "{AB575EEA-0B15-4BBA-ABE9-331DAE136A9A}"
EndProject
Global
	GlobalSection(SolutionConfigurationPlatforms) = preSolution
		Debug|Any CPU = Debug|Any CPU
		Release|Any CPU = Release|Any CPU
	EndGlobalSection
	GlobalSection(ProjectConfigurationPlatforms) = postSolution
		{AB575EEA-0B15-4BBA-ABE9-331DAE136A9A}.Debug|Any CPU.ActiveCfg = Debug|Any CPU
		{AB575EEA-0B15-4BBA-ABE9-331DAE136A9A}.Debug|Any CPU.Build.0 = Debug|Any CPU
		{AB575EEA-0B15-4BBA-ABE9-331DAE136A9A}.Release|Any CPU.ActiveCfg = Release|Any CPU
		{AB575EEA-0B15-4BBA-ABE9-331DAE136A9A}.Release|Any CPU.Build.0 = Release|Any CPU
	EndGlobalSection
	GlobalSection(SolutionProperties) = preSolution
		HideSolutionNode = FALSE
	EndGlobalSection
	GlobalSection(ExtensibilityGlobals) = postSolution
		SolutionGuid = {2B7B3B5D-6C40-451C-AAE5-1596A6778E2D}
	EndGlobalSection
EndGlobal
